
Microsoft Visual Studio Solution File, Format Version 12.00
# Visual Studio 15
VisualStudioVersion = 15.0.28307.1778
MinimumVisualStudioVersion = 10.0.40219.1
Project("{8BC9CEB8-8B4A-11D0-8D11-00A0C91BC942}") = "test1", "test1\test1.vcxproj", "{D4466050-3420-4525-8171-1B5EC7FECD8A}"
EndProject
Global
	GlobalSection(SolutionConfigurationPlatforms) = preSolution
		Debug|x64 = Debug|x64
		Debug|x86 = Debug|x86
		Release|x64 = Release|x64
		Release|x86 = Release|x86
	EndGlobalSection
	GlobalSection(ProjectConfigurationPlatforms) = postSolution
		{D4466050-3420-4525-8171-1B5EC7FECD8A}.Debug|x64.ActiveCfg = Debug|x64
		{D4466050-3420-4525-8171-1B5EC7FECD8A}.Debug|x64.Build.0 = Debug|x64
		{D4466050-3420-4525-8171-1B5EC7FECD8A}.Debug|x86.ActiveCfg = Debug|Win32
		{D4466050-3420-4525-8171-1B5EC7FECD8A}.Debug|x86.Build.0 = Debug|Win32
		{D4466050-3420-4525-8171-1B5EC7FECD8A}.Release|x64.ActiveCfg = Release|x64
		{D4466050-3420-4525-8171-1B5EC7FECD8A}.Release|x64.Build.0 = Release|x64
		{D4466050-3420-4525-8171-1B5EC7FECD8A}.Release|x86.ActiveCfg = Release|Win32
		{D4466050-3420-4525-8171-1B5EC7FECD8A}.Release|x86.Build.0 = Release|Win32
	EndGlobalSection
	GlobalSection(SolutionProperties) = preSolution
		HideSolutionNode = FALSE
	EndGlobalSection
	GlobalSection(ExtensibilityGlobals) = postSolution
		SolutionGuid = {5833C4D5-91FA-486E-AD0E-FF7A40E361DE}
	EndGlobalSection
EndGlobal
