
Microsoft Visual Studio Solution File, Format Version 12.00
# Visual Studio 15
VisualStudioVersion = 15.0.28307.1778
MinimumVisualStudioVersion = 10.0.40219.1
Project("{8BC9CEB8-8B4A-11D0-8D11-00A0C91BC942}") = "vector", "vector\vector.vcxproj", "{773A95A4-3DA2-4DC7-B1B0-394B8793C5FC}"
EndProject
Global
	GlobalSection(SolutionConfigurationPlatforms) = preSolution
		Debug|x64 = Debug|x64
		Debug|x86 = Debug|x86
		Release|x64 = Release|x64
		Release|x86 = Release|x86
	EndGlobalSection
	GlobalSection(ProjectConfigurationPlatforms) = postSolution
		{773A95A4-3DA2-4DC7-B1B0-394B8793C5FC}.Debug|x64.ActiveCfg = Debug|x64
		{773A95A4-3DA2-4DC7-B1B0-394B8793C5FC}.Debug|x64.Build.0 = Debug|x64
		{773A95A4-3DA2-4DC7-B1B0-394B8793C5FC}.Debug|x86.ActiveCfg = Debug|Win32
		{773A95A4-3DA2-4DC7-B1B0-394B8793C5FC}.Debug|x86.Build.0 = Debug|Win32
		{773A95A4-3DA2-4DC7-B1B0-394B8793C5FC}.Release|x64.ActiveCfg = Release|x64
		{773A95A4-3DA2-4DC7-B1B0-394B8793C5FC}.Release|x64.Build.0 = Release|x64
		{773A95A4-3DA2-4DC7-B1B0-394B8793C5FC}.Release|x86.ActiveCfg = Release|Win32
		{773A95A4-3DA2-4DC7-B1B0-394B8793C5FC}.Release|x86.Build.0 = Release|Win32
	EndGlobalSection
	GlobalSection(SolutionProperties) = preSolution
		HideSolutionNode = FALSE
	EndGlobalSection
	GlobalSection(ExtensibilityGlobals) = postSolution
		SolutionGuid = {9820ACC9-036C-430D-8340-B6E5C64C2945}
	EndGlobalSection
EndGlobal
